
Microsoft Visual Studio Solution File, Format Version 12.00
# Visual Studio Version 17
VisualStudioVersion = 17.14.36301.6
MinimumVisualStudioVersion = 10.0.40219.1
Project("{FAE04EC0-301F-11D3-BF4B-00C04F79EFBC}") = "Application.WebApi", "Application.WebApi.csproj", "{BDE157D1-DD7C-40BE-8E1F-116B6566CAB8}"
EndProject
Project("{FAE04EC0-301F-11D3-BF4B-00C04F79EFBC}") = "Application.Api.Entities", "Application.Api.Entities\Application.Api.Entities.csproj", "{F5F8799C-3628-4CDD-AE90-EAD776831D28}"
EndProject
Project("{FAE04EC0-301F-11D3-BF4B-00C04F79EFBC}") = "Application.Api.Services", "Application.Api.Services\Application.Api.Services.csproj", "{4060273B-8E83-499A-AEB7-A19F2086D949}"
EndProject
Project("{FAE04EC0-301F-11D3-BF4B-00C04F79EFBC}") = "Application.Api.ViewModels", "Application.Api.ViewModels\Application.Api.ViewModels.csproj", "{2FE186BB-4B1B-4066-9AE8-9B5840FDF1C9}"
EndProject
Project("{FAE04EC0-301F-11D3-BF4B-00C04F79EFBC}") = "Application.Api.Validations", "Application.Api.Validations\Application.Api.Validations.csproj", "{9A23B059-351A-41F6-B4DC-007D037DC453}"
EndProject
Global
	GlobalSection(SolutionConfigurationPlatforms) = preSolution
		Debug|Any CPU = Debug|Any CPU
		Release|Any CPU = Release|Any CPU
	EndGlobalSection
	GlobalSection(ProjectConfigurationPlatforms) = postSolution
		{BDE157D1-DD7C-40BE-8E1F-116B6566CAB8}.Debug|Any CPU.ActiveCfg = Debug|Any CPU
		{BDE157D1-DD7C-40BE-8E1F-116B6566CAB8}.Debug|Any CPU.Build.0 = Debug|Any CPU
		{BDE157D1-DD7C-40BE-8E1F-116B6566CAB8}.Release|Any CPU.ActiveCfg = Release|Any CPU
		{BDE157D1-DD7C-40BE-8E1F-116B6566CAB8}.Release|Any CPU.Build.0 = Release|Any CPU
		{F5F8799C-3628-4CDD-AE90-EAD776831D28}.Debug|Any CPU.ActiveCfg = Debug|Any CPU
		{F5F8799C-3628-4CDD-AE90-EAD776831D28}.Debug|Any CPU.Build.0 = Debug|Any CPU
		{F5F8799C-3628-4CDD-AE90-EAD776831D28}.Release|Any CPU.ActiveCfg = Release|Any CPU
		{F5F8799C-3628-4CDD-AE90-EAD776831D28}.Release|Any CPU.Build.0 = Release|Any CPU
		{4060273B-8E83-499A-AEB7-A19F2086D949}.Debug|Any CPU.ActiveCfg = Debug|Any CPU
		{4060273B-8E83-499A-AEB7-A19F2086D949}.Debug|Any CPU.Build.0 = Debug|Any CPU
		{4060273B-8E83-499A-AEB7-A19F2086D949}.Release|Any CPU.ActiveCfg = Release|Any CPU
		{4060273B-8E83-499A-AEB7-A19F2086D949}.Release|Any CPU.Build.0 = Release|Any CPU
		{2FE186BB-4B1B-4066-9AE8-9B5840FDF1C9}.Debug|Any CPU.ActiveCfg = Debug|Any CPU
		{2FE186BB-4B1B-4066-9AE8-9B5840FDF1C9}.Debug|Any CPU.Build.0 = Debug|Any CPU
		{2FE186BB-4B1B-4066-9AE8-9B5840FDF1C9}.Release|Any CPU.ActiveCfg = Release|Any CPU
		{2FE186BB-4B1B-4066-9AE8-9B5840FDF1C9}.Release|Any CPU.Build.0 = Release|Any CPU
		{9A23B059-351A-41F6-B4DC-007D037DC453}.Debug|Any CPU.ActiveCfg = Debug|Any CPU
		{9A23B059-351A-41F6-B4DC-007D037DC453}.Debug|Any CPU.Build.0 = Debug|Any CPU
		{9A23B059-351A-41F6-B4DC-007D037DC453}.Release|Any CPU.ActiveCfg = Release|Any CPU
		{9A23B059-351A-41F6-B4DC-007D037DC453}.Release|Any CPU.Build.0 = Release|Any CPU
	EndGlobalSection
	GlobalSection(SolutionProperties) = preSolution
		HideSolutionNode = FALSE
	EndGlobalSection
	GlobalSection(ExtensibilityGlobals) = postSolution
		SolutionGuid = {81A46B11-1363-4A6E-B556-D33B69872FCF}
	EndGlobalSection
EndGlobal
